
Microsoft Visual Studio Solution File, Format Version 12.00
# Visual Studio Version 17
VisualStudioVersion = 17.13.35919.96 d17.13
MinimumVisualStudioVersion = 10.0.40219.1
Project("{FAE04EC0-301F-11D3-BF4B-00C04F79EFBC}") = "ARC-3-PRACTICA 8", "ARC-3-PRACTICA 8\ARC-3-PRACTICA 8.csproj", "{32DA7FC1-2C40-42CC-A792-317C26DF5EC1}"
EndProject
Global
	GlobalSection(SolutionConfigurationPlatforms) = preSolution
		Debug|Any CPU = Debug|Any CPU
		Release|Any CPU = Release|Any CPU
	EndGlobalSection
	GlobalSection(ProjectConfigurationPlatforms) = postSolution
		{32DA7FC1-2C40-42CC-A792-317C26DF5EC1}.Debug|Any CPU.ActiveCfg = Debug|Any CPU
		{32DA7FC1-2C40-42CC-A792-317C26DF5EC1}.Debug|Any CPU.Build.0 = Debug|Any CPU
		{32DA7FC1-2C40-42CC-A792-317C26DF5EC1}.Release|Any CPU.ActiveCfg = Release|Any CPU
		{32DA7FC1-2C40-42CC-A792-317C26DF5EC1}.Release|Any CPU.Build.0 = Release|Any CPU
	EndGlobalSection
	GlobalSection(SolutionProperties) = preSolution
		HideSolutionNode = FALSE
	EndGlobalSection
	GlobalSection(ExtensibilityGlobals) = postSolution
		SolutionGuid = {BE34A219-7060-4A7C-A1E1-D02E00B70451}
	EndGlobalSection
EndGlobal
