
Microsoft Visual Studio Solution File, Format Version 12.00
# Visual Studio Version 17
VisualStudioVersion = 17.13.35919.96 d17.13
MinimumVisualStudioVersion = 10.0.40219.1
Project("{FAE04EC0-301F-11D3-BF4B-00C04F79EFBC}") = "WinFormsApp4", "WinFormsApp4\WinFormsApp4.csproj", "{6C075555-83C8-41AD-AD82-8781CC679DEF}"
EndProject
Global
	GlobalSection(SolutionConfigurationPlatforms) = preSolution
		Debug|Any CPU = Debug|Any CPU
		Release|Any CPU = Release|Any CPU
	EndGlobalSection
	GlobalSection(ProjectConfigurationPlatforms) = postSolution
		{6C075555-83C8-41AD-AD82-8781CC679DEF}.Debug|Any CPU.ActiveCfg = Debug|Any CPU
		{6C075555-83C8-41AD-AD82-8781CC679DEF}.Debug|Any CPU.Build.0 = Debug|Any CPU
		{6C075555-83C8-41AD-AD82-8781CC679DEF}.Release|Any CPU.ActiveCfg = Release|Any CPU
		{6C075555-83C8-41AD-AD82-8781CC679DEF}.Release|Any CPU.Build.0 = Release|Any CPU
	EndGlobalSection
	GlobalSection(SolutionProperties) = preSolution
		HideSolutionNode = FALSE
	EndGlobalSection
	GlobalSection(ExtensibilityGlobals) = postSolution
		SolutionGuid = {1DE0B108-C468-48AE-BDEA-A364BA425196}
	EndGlobalSection
EndGlobal
