
Microsoft Visual Studio Solution File, Format Version 12.00
# Visual Studio Version 17
VisualStudioVersion = 17.13.35919.96 d17.13
MinimumVisualStudioVersion = 10.0.40219.1
Project("{FAE04EC0-301F-11D3-BF4B-00C04F79EFBC}") = "ARC-3-PRACTICA 6", "ARC-3-PRACTICA 6\ARC-3-PRACTICA 6.csproj", "{26232BA8-FD55-43E8-9D47-A469419D0ED3}"
EndProject
Global
	GlobalSection(SolutionConfigurationPlatforms) = preSolution
		Debug|Any CPU = Debug|Any CPU
		Release|Any CPU = Release|Any CPU
	EndGlobalSection
	GlobalSection(ProjectConfigurationPlatforms) = postSolution
		{26232BA8-FD55-43E8-9D47-A469419D0ED3}.Debug|Any CPU.ActiveCfg = Debug|Any CPU
		{26232BA8-FD55-43E8-9D47-A469419D0ED3}.Debug|Any CPU.Build.0 = Debug|Any CPU
		{26232BA8-FD55-43E8-9D47-A469419D0ED3}.Release|Any CPU.ActiveCfg = Release|Any CPU
		{26232BA8-FD55-43E8-9D47-A469419D0ED3}.Release|Any CPU.Build.0 = Release|Any CPU
	EndGlobalSection
	GlobalSection(SolutionProperties) = preSolution
		HideSolutionNode = FALSE
	EndGlobalSection
	GlobalSection(ExtensibilityGlobals) = postSolution
		SolutionGuid = {D786722A-8A13-4B53-A7AE-811CBD1CCF21}
	EndGlobalSection
EndGlobal
