
Microsoft Visual Studio Solution File, Format Version 12.00
# Visual Studio Version 17
VisualStudioVersion = 17.13.35919.96 d17.13
MinimumVisualStudioVersion = 10.0.40219.1
Project("{FAE04EC0-301F-11D3-BF4B-00C04F79EFBC}") = "ARC-2-PRACTICA 5", "ARC-2-PRACTICA 5\ARC-2-PRACTICA 5.csproj", "{2C5F4618-9826-4BC6-BD8F-975D8D87B961}"
EndProject
Global
	GlobalSection(SolutionConfigurationPlatforms) = preSolution
		Debug|Any CPU = Debug|Any CPU
		Release|Any CPU = Release|Any CPU
	EndGlobalSection
	GlobalSection(ProjectConfigurationPlatforms) = postSolution
		{2C5F4618-9826-4BC6-BD8F-975D8D87B961}.Debug|Any CPU.ActiveCfg = Debug|Any CPU
		{2C5F4618-9826-4BC6-BD8F-975D8D87B961}.Debug|Any CPU.Build.0 = Debug|Any CPU
		{2C5F4618-9826-4BC6-BD8F-975D8D87B961}.Release|Any CPU.ActiveCfg = Release|Any CPU
		{2C5F4618-9826-4BC6-BD8F-975D8D87B961}.Release|Any CPU.Build.0 = Release|Any CPU
	EndGlobalSection
	GlobalSection(SolutionProperties) = preSolution
		HideSolutionNode = FALSE
	EndGlobalSection
	GlobalSection(ExtensibilityGlobals) = postSolution
		SolutionGuid = {02512E99-358C-47DA-94AB-4DBB10D69A39}
	EndGlobalSection
EndGlobal
