
Microsoft Visual Studio Solution File, Format Version 12.00
# Visual Studio Version 17
VisualStudioVersion = 17.13.35919.96 d17.13
MinimumVisualStudioVersion = 10.0.40219.1
Project("{FAE04EC0-301F-11D3-BF4B-00C04F79EFBC}") = "PRECTICA 1", "PRECTICA 1\PRECTICA 1.csproj", "{C7DA51D1-29FB-48A8-AA69-709653FAEC02}"
EndProject
Global
	GlobalSection(SolutionConfigurationPlatforms) = preSolution
		Debug|Any CPU = Debug|Any CPU
		Release|Any CPU = Release|Any CPU
	EndGlobalSection
	GlobalSection(ProjectConfigurationPlatforms) = postSolution
		{C7DA51D1-29FB-48A8-AA69-709653FAEC02}.Debug|Any CPU.ActiveCfg = Debug|Any CPU
		{C7DA51D1-29FB-48A8-AA69-709653FAEC02}.Debug|Any CPU.Build.0 = Debug|Any CPU
		{C7DA51D1-29FB-48A8-AA69-709653FAEC02}.Release|Any CPU.ActiveCfg = Release|Any CPU
		{C7DA51D1-29FB-48A8-AA69-709653FAEC02}.Release|Any CPU.Build.0 = Release|Any CPU
	EndGlobalSection
	GlobalSection(SolutionProperties) = preSolution
		HideSolutionNode = FALSE
	EndGlobalSection
	GlobalSection(ExtensibilityGlobals) = postSolution
		SolutionGuid = {DAFD3DA6-868E-4BC8-952C-04E6AF909091}
	EndGlobalSection
EndGlobal
