
Microsoft Visual Studio Solution File, Format Version 12.00
# Visual Studio Version 17
VisualStudioVersion = 17.13.35919.96 d17.13
MinimumVisualStudioVersion = 10.0.40219.1
Project("{FAE04EC0-301F-11D3-BF4B-00C04F79EFBC}") = "AR- 1-PRACTICA 6", "AR- 1-PRACTICA 6\AR- 1-PRACTICA 6.csproj", "{2982CAA6-391B-41CB-96F2-67349548E464}"
EndProject
Global
	GlobalSection(SolutionConfigurationPlatforms) = preSolution
		Debug|Any CPU = Debug|Any CPU
		Release|Any CPU = Release|Any CPU
	EndGlobalSection
	GlobalSection(ProjectConfigurationPlatforms) = postSolution
		{2982CAA6-391B-41CB-96F2-67349548E464}.Debug|Any CPU.ActiveCfg = Debug|Any CPU
		{2982CAA6-391B-41CB-96F2-67349548E464}.Debug|Any CPU.Build.0 = Debug|Any CPU
		{2982CAA6-391B-41CB-96F2-67349548E464}.Release|Any CPU.ActiveCfg = Release|Any CPU
		{2982CAA6-391B-41CB-96F2-67349548E464}.Release|Any CPU.Build.0 = Release|Any CPU
	EndGlobalSection
	GlobalSection(SolutionProperties) = preSolution
		HideSolutionNode = FALSE
	EndGlobalSection
	GlobalSection(ExtensibilityGlobals) = postSolution
		SolutionGuid = {559294C2-E49E-40FF-9137-9CB7E7ADE02C}
	EndGlobalSection
EndGlobal
