
Microsoft Visual Studio Solution File, Format Version 12.00
# Visual Studio Version 17
VisualStudioVersion = 17.13.35919.96 d17.13
MinimumVisualStudioVersion = 10.0.40219.1
Project("{FAE04EC0-301F-11D3-BF4B-00C04F79EFBC}") = "ARC-3-PRACTICA 7", "ARC-3-PRACTICA 7\ARC-3-PRACTICA 7.csproj", "{24B07965-DFB4-46DE-BA56-06A5F87B5F32}"
EndProject
Global
	GlobalSection(SolutionConfigurationPlatforms) = preSolution
		Debug|Any CPU = Debug|Any CPU
		Release|Any CPU = Release|Any CPU
	EndGlobalSection
	GlobalSection(ProjectConfigurationPlatforms) = postSolution
		{24B07965-DFB4-46DE-BA56-06A5F87B5F32}.Debug|Any CPU.ActiveCfg = Debug|Any CPU
		{24B07965-DFB4-46DE-BA56-06A5F87B5F32}.Debug|Any CPU.Build.0 = Debug|Any CPU
		{24B07965-DFB4-46DE-BA56-06A5F87B5F32}.Release|Any CPU.ActiveCfg = Release|Any CPU
		{24B07965-DFB4-46DE-BA56-06A5F87B5F32}.Release|Any CPU.Build.0 = Release|Any CPU
	EndGlobalSection
	GlobalSection(SolutionProperties) = preSolution
		HideSolutionNode = FALSE
	EndGlobalSection
	GlobalSection(ExtensibilityGlobals) = postSolution
		SolutionGuid = {0777DFC3-99E1-4F05-B78E-547807C7763B}
	EndGlobalSection
EndGlobal
